# THIS IS AN AUTOGENERATED FILE. DO NOT EDIT THIS FILE DIRECTLY.
# yarn lockfile v1


servor@^3.3.1:
  version "3.3.1"
  resolved "https://registry.yarnpkg.com/servor/-/servor-3.3.1.tgz#6862a9016837c5bd8c7ab20c05c775d72dfceab2"
  integrity sha512-3597Ob1ZKGzRYNZSgD/LSpiQcj3JRN6MvIDFUxkcwtWwUvXkrskhPT3Z5FiFFS3RIG0Je94x56Y9AfvY+mcvgA==
